
Microsoft Visual Studio Solution File, Format Version 11.00
# Visual Studio 2010
Project("{8BC9CEB8-8B4A-11D0-8D11-00A0C91BC942}") = "Hide", "Hide\Hide.vcxproj", "{9F68F021-32FE-497A-80B7-440CD4521E93}"
EndProject
Global
	GlobalSection(SolutionConfigurationPlatforms) = preSolution
		Debug|Win32 = Debug|Win32
		Release|Win32 = Release|Win32
	EndGlobalSection
	GlobalSection(ProjectConfigurationPlatforms) = postSolution
		{9F68F021-32FE-497A-80B7-440CD4521E93}.Debug|Win32.ActiveCfg = Debug|Win32
		{9F68F021-32FE-497A-80B7-440CD4521E93}.Debug|Win32.Build.0 = Debug|Win32
		{9F68F021-32FE-497A-80B7-440CD4521E93}.Release|Win32.ActiveCfg = Release|Win32
		{9F68F021-32FE-497A-80B7-440CD4521E93}.Release|Win32.Build.0 = Release|Win32
	EndGlobalSection
	GlobalSection(SolutionProperties) = preSolution
		HideSolutionNode = FALSE
	EndGlobalSection
EndGlobal
